<?xml version="1.0" encoding="utf-8"?>
<Project ToolsVersion="4.0" xmlns="http://schemas.microsoft.com/developer/msbuild/2003">
  <ItemGroup>
    <Filter Include="00.MainApp">
      <UniqueIdentifier>{e8c1446f-d68b-429c-803b-6a9457cc52fa}</UniqueIdentifier>
    </Filter>
    <Filter Include="99.Defines">
      <UniqueIdentifier>{ce854a45-6a35-475d-8655-cb379d1be032}</UniqueIdentifier>
    </Filter>
    <Filter Include="01.Levels">
      <UniqueIdentifier>{cc644f60-4ecb-49a8-8586-e9c4ccbdb419}</UniqueIdentifier>
    </Filter>
    <Filter Include="98.Default">
      <UniqueIdentifier>{00a0e8fc-8926-4877-aa3c-b6cc3ff3f072}</UniqueIdentifier>
    </Filter>
    <Filter Include="01.Levels\Loading">
      <UniqueIdentifier>{783aa7d0-e4a9-47f3-b857-f5b824dad2b8}</UniqueIdentifier>
    </Filter>
    <Filter Include="01.Levels\Logo">
      <UniqueIdentifier>{7fa67ac9-2f2d-435f-bf35-849f5cbedd3c}</UniqueIdentifier>
    </Filter>
    <Filter Include="01.Levels\GamePlay">
      <UniqueIdentifier>{8b1d5579-1fb9-493c-96b9-62d618153e5d}</UniqueIdentifier>
    </Filter>
    <Filter Include="01.Levels\Loading\Loader">
      <UniqueIdentifier>{17ab5a45-d880-40f6-b518-e747936c79d3}</UniqueIdentifier>
    </Filter>
    <Filter Include="02.GameObjects">
      <UniqueIdentifier>{c4cae272-dd94-43ce-85e6-ecc0b24de4d0}</UniqueIdentifier>
    </Filter>
    <Filter Include="97.ShaderFiles">
      <UniqueIdentifier>{6c97f181-1c24-4522-bedb-7c3ed51e738e}</UniqueIdentifier>
    </Filter>
    <Filter Include="02.GameObjects\Camera">
      <UniqueIdentifier>{75e45318-a739-4941-9854-12d78de671fe}</UniqueIdentifier>
    </Filter>
    <Filter Include="02.GameObjects\Player">
      <UniqueIdentifier>{c8892da5-ac0a-4aa1-83ab-12a0fd1f52c6}</UniqueIdentifier>
    </Filter>
    <Filter Include="90.Utils">
      <UniqueIdentifier>{b950e84f-4eac-4d0f-a16d-60f2661e798e}</UniqueIdentifier>
    </Filter>
    <Filter Include="90.Utils\XML">
      <UniqueIdentifier>{952aa0f7-ec8e-42be-b8ec-701d80f0ec38}</UniqueIdentifier>
    </Filter>
    <Filter Include="02.GameObjects\Terrain">
      <UniqueIdentifier>{790e4632-66f1-4e07-b217-df971b3f85d4}</UniqueIdentifier>
    </Filter>
    <Filter Include="90.Utils\[Sample] ToolHelper">
      <UniqueIdentifier>{00fc3552-6b11-480d-a4c6-8313d824b770}</UniqueIdentifier>
    </Filter>
    <Filter Include="02.GameObjects\UI">
      <UniqueIdentifier>{5686561c-9ae3-4451-b1a7-680ef919cde4}</UniqueIdentifier>
    </Filter>
    <Filter Include="02.GameObjects\UI\BackGround">
      <UniqueIdentifier>{ef3d146c-47a4-4cea-8ab8-0d3efb6a9884}</UniqueIdentifier>
    </Filter>
    <Filter Include="02.GameObjects\UI\[Sample] TestUI">
      <UniqueIdentifier>{04f2b613-8fae-4a92-b5ab-330fe23d2a87}</UniqueIdentifier>
    </Filter>
    <Filter Include="02.GameObjects\UI\Editor">
      <UniqueIdentifier>{197bd320-0690-4bf3-9f5f-40f57c555e4d}</UniqueIdentifier>
    </Filter>
    <Filter Include="02.GameObjects\UI\FXToolDirector">
      <UniqueIdentifier>{dbb187c2-6962-4466-b912-a53c4e5d474a}</UniqueIdentifier>
    </Filter>
    <Filter Include="02.GameObjects\Player\Kirby">
      <UniqueIdentifier>{f4444bba-a36c-4a3e-9327-ac76df48dd6f}</UniqueIdentifier>
    </Filter>
    <Filter Include="02.GameObjects\Effect">
      <UniqueIdentifier>{8da63451-b1d5-46f5-a7cd-b8c224b47c48}</UniqueIdentifier>
    </Filter>
    <Filter Include="02.GameObjects\Effect\Single">
      <UniqueIdentifier>{2a5018c2-8450-43e3-826e-458141237e7c}</UniqueIdentifier>
    </Filter>
    <Filter Include="02.GameObjects\Effect\Multi">
      <UniqueIdentifier>{f34649b7-f041-4be5-b519-7d313325d15a}</UniqueIdentifier>
    </Filter>
	<Filter Include="02.GameObjects\Effect\Particle">
	    <UniqueIdentifier>{f072a52c-c670-48a5-b959-b302eb3c6ddf}</UniqueIdentifier>
	</Filter>
    <Filter Include="01.Levels\Tool">
      <UniqueIdentifier>{2fc1b856-3420-4c6b-b1c3-8a2ae73c0d25}</UniqueIdentifier>
    </Filter>
    <Filter Include="01.Levels\Tool\FX">
      <UniqueIdentifier>{c638ed01-7d46-4dd2-914f-ebbb16bb731b}</UniqueIdentifier>
    </Filter>
    <Filter Include="01.Levels\Tool\UI">
      <UniqueIdentifier>{41f938d7-08df-4edb-8b73-7f075bf755d5}</UniqueIdentifier>
    </Filter>
    <Filter Include="02.GameObjects\Map">
      <UniqueIdentifier>{310eaee8-bc9b-4061-8a3b-1befbaed5f82}</UniqueIdentifier>
    </Filter>
    <Filter Include="01.Levels\Tool\ANIM">
      <UniqueIdentifier>{33844d5a-d935-47f9-a410-59245e635f38}</UniqueIdentifier>
    </Filter>
    <Filter Include="02.GameObjects\Player\State">
      <UniqueIdentifier>{79362919-e7bb-428f-ab22-a4eec033163c}</UniqueIdentifier>
    </Filter>
    <Filter Include="02.GameObjects\TestModel">
      <UniqueIdentifier>{d64477a2-9b4a-44f4-9553-f9c18cf7c023}</UniqueIdentifier>
    </Filter>
    <Filter Include="02.GameObjects\TestModel\State">
      <UniqueIdentifier>{24c8db5b-dafc-44bf-806a-7f7b3d6aeed8}</UniqueIdentifier>
    </Filter>

  </ItemGroup>
  <ItemGroup>
    <Text Include="ReadMe.txt" />
  </ItemGroup>
  <ItemGroup>
    <ClInclude Include="Client.h">
      <Filter>98.Default</Filter>
    </ClInclude>
    <ClInclude Include="Resource.h">
      <Filter>98.Default</Filter>
    </ClInclude>
    <ClInclude Include="stdafx.h">
      <Filter>98.Default</Filter>
    </ClInclude>
    <ClInclude Include="targetver.h">
      <Filter>98.Default</Filter>
    </ClInclude>
    <ClInclude Include="..\public\MainApp.h">
      <Filter>00.MainApp</Filter>
    </ClInclude>
    <ClInclude Include="..\Public\Level_GamePlay.h">
      <Filter>01.Levels\GamePlay</Filter>
    </ClInclude>
    <ClInclude Include="..\Public\Level_Loading.h">
      <Filter>01.Levels\Loading</Filter>
    </ClInclude>
    <ClInclude Include="..\Public\Level_Logo.h">
      <Filter>01.Levels\Logo</Filter>
    </ClInclude>
    <ClInclude Include="..\Public\Loader.h">
      <Filter>01.Levels\Loading\Loader</Filter>
    </ClInclude>
    <ClInclude Include="..\public\BackGround.h">
      <Filter>02.GameObjects\UI\BackGround</Filter>
    </ClInclude>
    <ClInclude Include="..\public\Camera_Free.h">
      <Filter>02.GameObjects\Camera</Filter>
    </ClInclude>
    <ClInclude Include="..\Public\Client_Defines.h">
      <Filter>99.Defines</Filter>
    </ClInclude>
    <ClInclude Include="..\Public\tinyxml2.h">
      <Filter>90.Utils\XML</Filter>
    </ClInclude>
    <ClInclude Include="..\public\Camera_Main.h">
      <Filter>02.GameObjects\Camera</Filter>
    </ClInclude>
    <ClInclude Include="..\Public\TestModel.h">
      <Filter>02.GameObjects\Player</Filter>
    </ClInclude>
    <ClInclude Include="..\Public\TestTerrain.h">
      <Filter>02.GameObjects\Terrain</Filter>
    </ClInclude>
    <ClInclude Include="..\Public\Map_Stage1.h">
      <Filter>02.GameObjects\Map</Filter>
    </ClInclude>
    <ClInclude Include="..\Public\Level_Tool_UI.h">
      <Filter>01.Levels\Tool\UI</Filter>
    </ClInclude>
    <ClInclude Include="..\Public\Level_Tool_FX.h">
      <Filter>01.Levels\Tool\FX</Filter>
    </ClInclude>
    <ClInclude Include="..\Public\UI_Editor.h">
      <Filter>02.GameObjects\UI\Editor</Filter>
    </ClInclude>
    <ClInclude Include="..\Public\TestUI.h">
      <Filter>02.GameObjects\UI\[Sample] TestUI</Filter>
    </ClInclude>
    <ClInclude Include="..\Public\FXToolDirector.h">
      <Filter>02.GameObjects\UI\FXToolDirector</Filter>
    </ClInclude>
    <ClInclude Include="..\Public\Kirby.h">
      <Filter>02.GameObjects\Player\Kirby</Filter>
    </ClInclude>
    <ClInclude Include="..\public\SingleEffect.h">
      <Filter>02.GameObjects\Effect\Single</Filter>
    </ClInclude>
    <ClInclude Include="..\Public\MultiEffect.h">
      <Filter>02.GameObjects\Effect\Multi</Filter>
    </ClInclude>
    <ClInclude Include="..\Public\Level_Tool_Anim.h">
      <Filter>01.Levels\Tool\ANIM</Filter>
    </ClInclude>
    <ClInclude Include="..\Public\TestModel_State.h">
      <Filter>02.GameObjects\TestModel\State</Filter>
    </ClInclude>
    <ClInclude Include="..\Public\ToolHelper.h">
      <Filter>90.Utils\[Sample] ToolHelper</Filter>
    </ClInclude>
    <ClInclude Include="..\Public\KirbyDefault_State.h">
      <Filter>02.GameObjects\Player\State</Filter>
    </ClInclude>
    <ClInclude Include="Kirby_Enums.h">
      <Filter>02.GameObjects\Player</Filter>
    </ClInclude>
    <ClInclude Include="..\Public\Trigger.h">
      <Filter>90.Utils</Filter>
    </ClInclude>
    <ClInclude Include="..\Public\Particle.h">
      <Filter>02.GameObjects\Effect\Particle</Filter>
    </ClInclude>
  </ItemGroup>
  <ItemGroup>
    <ClCompile Include="Client.cpp">
      <Filter>98.Default</Filter>
    </ClCompile>
    <ClCompile Include="stdafx.cpp">
      <Filter>98.Default</Filter>
    </ClCompile>
    <ClCompile Include="..\private\MainApp.cpp">
      <Filter>00.MainApp</Filter>
    </ClCompile>
    <ClCompile Include="..\Private\Level_GamePlay.cpp">
      <Filter>01.Levels\GamePlay</Filter>
    </ClCompile>
    <ClCompile Include="..\Private\Level_Loading.cpp">
      <Filter>01.Levels\Loading</Filter>
    </ClCompile>
    <ClCompile Include="..\Private\Level_Logo.cpp">
      <Filter>01.Levels\Logo</Filter>
    </ClCompile>
    <ClCompile Include="..\Private\Loader.cpp">
      <Filter>01.Levels\Loading\Loader</Filter>
    </ClCompile>
    <ClCompile Include="..\private\BackGround.cpp">
      <Filter>02.GameObjects\UI\BackGround</Filter>
    </ClCompile>
    <ClCompile Include="..\private\Camera_Free.cpp">
      <Filter>02.GameObjects\Camera</Filter>
    </ClCompile>
    <ClCompile Include="..\Private\tinyxml2.cpp">
      <Filter>90.Utils\XML</Filter>
    </ClCompile>
    <ClCompile Include="..\private\Camera_Main.cpp">
      <Filter>02.GameObjects\Camera</Filter>
    </ClCompile>
    <ClCompile Include="..\Private\TestModel.cpp">
      <Filter>02.GameObjects\Player</Filter>
    </ClCompile>
    <ClCompile Include="..\Private\TestTerrain.cpp">
      <Filter>02.GameObjects\Terrain</Filter>
    </ClCompile>
    <ClCompile Include="..\Private\Map_Stage1.cpp">
      <Filter>02.GameObjects\Map</Filter>
    </ClCompile>
    <ClCompile Include="..\Private\FXToolDirector.cpp">
      <Filter>02.GameObjects\UI\FXToolDirector</Filter>
    </ClCompile>
    <ClCompile Include="..\Private\Level_Tool_FX.cpp">
      <Filter>01.Levels\Tool\FX</Filter>
    </ClCompile>
    <ClCompile Include="..\Private\Level_Tool_UI.cpp">
      <Filter>01.Levels\Tool\UI</Filter>
    </ClCompile>
    <ClCompile Include="..\Private\UI_Editor.cpp">
      <Filter>02.GameObjects\UI\Editor</Filter>
    </ClCompile>
    <ClCompile Include="..\Private\TestUI.cpp">
      <Filter>02.GameObjects\UI\[Sample] TestUI</Filter>
    </ClCompile>
    <ClCompile Include="..\Private\MultiEffect.cpp">
      <Filter>02.GameObjects\Effect\Multi</Filter>
    </ClCompile>
    <ClCompile Include="..\Private\SingleEffect.cpp">
      <Filter>02.GameObjects\Effect\Single</Filter>
    </ClCompile>
    <ClCompile Include="..\Private\Level_Tool_Anim.cpp">
      <Filter>01.Levels\Tool\ANIM</Filter>
    </ClCompile>
    <ClCompile Include="..\Private\TestModel_State.cpp">
      <Filter>02.GameObjects\TestModel\State</Filter>
    </ClCompile>
    <ClCompile Include="..\Private\ToolHelper.cpp">
      <Filter>90.Utils\[Sample] ToolHelper</Filter>
    </ClCompile>
    <ClCompile Include="..\Private\Level_Tool_Anim.cpp">
      <Filter>01.Levels\Tool\Animation</Filter>
    </ClCompile>
    <ClCompile Include="..\Private\KirbyDefault_State.cpp">
      <Filter>02.GameObjects\Player\State</Filter>
    </ClCompile>
    <ClCompile Include="..\Private\Kirby.cpp">
      <Filter>02.GameObjects\Player</Filter>
    </ClCompile>
    <ClCompile Include="..\Private\Trigger.cpp">
      <Filter>90.Utils</Filter>
    </ClCompile>
    <ClCompile Include="..\Private\Particle.cpp">
      <Filter>02.GameObjects\Effect\Particle</Filter>
    </ClCompile>
  </ItemGroup>
  <ItemGroup>
    <Image Include="Client.ico">
      <Filter>98.Default</Filter>
    </Image>
    <Image Include="small.ico">
      <Filter>98.Default</Filter>
    </Image>
  </ItemGroup>
  <ItemGroup>
    <ResourceCompile Include="Client.rc">
      <Filter>98.Default</Filter>
    </ResourceCompile>
  </ItemGroup>
  <ItemGroup>
    <FxCompile Include="..\Bin\ShaderFiles\Shader_VtxPosTex.hlsl">
      <Filter>97.ShaderFiles</Filter>
    </FxCompile>
    <FxCompile Include="..\Bin\ShaderFiles\Shader_VtxNorTex.hlsl">
      <Filter>97.ShaderFiles</Filter>
    </FxCompile>
    <FxCompile Include="..\Bin\ShaderFiles\Shader_VtxModel.hlsl">
      <Filter>97.ShaderFiles</Filter>
    </FxCompile>
    <FxCompile Include="..\Bin\ShaderFiles\Shader_VtxAnimModel.hlsl">
      <Filter>97.ShaderFiles</Filter>
    </FxCompile>
    <FxCompile Include="..\Bin\ShaderFiles\Shader_VtxCube.hlsl">
      <Filter>97.ShaderFiles</Filter>
    </FxCompile>
    <FxCompile Include="..\Bin\ShaderFiles\Shader_VtxInstance_Rect.hlsl">
      <Filter>97.ShaderFiles</Filter>
    </FxCompile>
    <FxCompile Include="..\Bin\ShaderFiles\Shader_VtxInstance_Point.hlsl">
      <Filter>97.ShaderFiles</Filter>
    </FxCompile>
  </ItemGroup>
</Project>