<?xml version="1.0" encoding="utf-8"?>
<Project ToolsVersion="4.0" xmlns="http://schemas.microsoft.com/developer/msbuild/2003">
  <ItemGroup>
    <Filter Include="00.MainApp">
      <UniqueIdentifier>{e8c1446f-d68b-429c-803b-6a9457cc52fa}</UniqueIdentifier>
    </Filter>
    <Filter Include="99.Defines">
      <UniqueIdentifier>{ce854a45-6a35-475d-8655-cb379d1be032}</UniqueIdentifier>
    </Filter>
    <Filter Include="01.Levels">
      <UniqueIdentifier>{cc644f60-4ecb-49a8-8586-e9c4ccbdb419}</UniqueIdentifier>
    </Filter>
    <Filter Include="98.Default">
      <UniqueIdentifier>{00a0e8fc-8926-4877-aa3c-b6cc3ff3f072}</UniqueIdentifier>
    </Filter>
    <Filter Include="01.Levels\Loading">
      <UniqueIdentifier>{783aa7d0-e4a9-47f3-b857-f5b824dad2b8}</UniqueIdentifier>
    </Filter>
    <Filter Include="01.Levels\Logo">
      <UniqueIdentifier>{7fa67ac9-2f2d-435f-bf35-849f5cbedd3c}</UniqueIdentifier>
    </Filter>
    <Filter Include="01.Levels\Loading\Loader">
      <UniqueIdentifier>{17ab5a45-d880-40f6-b518-e747936c79d3}</UniqueIdentifier>
    </Filter>
    <Filter Include="02.GameObjects">
      <UniqueIdentifier>{c4cae272-dd94-43ce-85e6-ecc0b24de4d0}</UniqueIdentifier>
    </Filter>
    <Filter Include="97.ShaderFiles">
      <UniqueIdentifier>{6c97f181-1c24-4522-bedb-7c3ed51e738e}</UniqueIdentifier>
    </Filter>
    <Filter Include="02.GameObjects\Camera">
      <UniqueIdentifier>{75e45318-a739-4941-9854-12d78de671fe}</UniqueIdentifier>
    </Filter>
    <Filter Include="90.Utils">
      <UniqueIdentifier>{b950e84f-4eac-4d0f-a16d-60f2661e798e}</UniqueIdentifier>
    </Filter>
    <Filter Include="90.Utils\XML">
      <UniqueIdentifier>{952aa0f7-ec8e-42be-b8ec-701d80f0ec38}</UniqueIdentifier>
    </Filter>
    <Filter Include="90.Utils\[Sample] ToolHelper">
      <UniqueIdentifier>{00fc3552-6b11-480d-a4c6-8313d824b770}</UniqueIdentifier>
    </Filter>
    <Filter Include="02.GameObjects\UI">
      <UniqueIdentifier>{5686561c-9ae3-4451-b1a7-680ef919cde4}</UniqueIdentifier>
    </Filter>
    <Filter Include="02.GameObjects\UI\BackGround">
      <UniqueIdentifier>{ef3d146c-47a4-4cea-8ab8-0d3efb6a9884}</UniqueIdentifier>
    </Filter>
    <Filter Include="02.GameObjects\UI\Editor">
      <UniqueIdentifier>{197bd320-0690-4bf3-9f5f-40f57c555e4d}</UniqueIdentifier>
    </Filter>
    <Filter Include="02.GameObjects\Effect">
      <UniqueIdentifier>{8da63451-b1d5-46f5-a7cd-b8c224b47c48}</UniqueIdentifier>
    </Filter>
    <Filter Include="02.GameObjects\Effect\Single">
      <UniqueIdentifier>{2a5018c2-8450-43e3-826e-458141237e7c}</UniqueIdentifier>
    </Filter>
    <Filter Include="02.GameObjects\Effect\Multi">
      <UniqueIdentifier>{f34649b7-f041-4be5-b519-7d313325d15a}</UniqueIdentifier>
    </Filter>
    <Filter Include="01.Levels\Tool">
      <UniqueIdentifier>{2fc1b856-3420-4c6b-b1c3-8a2ae73c0d25}</UniqueIdentifier>
    </Filter>
    <Filter Include="01.Levels\Tool\FX">
      <UniqueIdentifier>{c638ed01-7d46-4dd2-914f-ebbb16bb731b}</UniqueIdentifier>
    </Filter>
    <Filter Include="01.Levels\Tool\UI">
      <UniqueIdentifier>{41f938d7-08df-4edb-8b73-7f075bf755d5}</UniqueIdentifier>
    </Filter>
    <Filter Include="02.GameObjects\Map">
      <UniqueIdentifier>{310eaee8-bc9b-4061-8a3b-1befbaed5f82}</UniqueIdentifier>
    </Filter>
    <Filter Include="01.Levels\Tool\Animation">
      <UniqueIdentifier>{a8ee8959-bf9d-4e0f-8c0f-ec7ddd715597}</UniqueIdentifier>
    </Filter>
    <Filter Include="02.GameObjects\Map\MapToolHelper">
      <UniqueIdentifier>{c90caebe-5408-4ed1-a218-a7692bde4a30}</UniqueIdentifier>
    </Filter>
    <Filter Include="02.GameObjects\Map\MapToolObject">
      <UniqueIdentifier>{24408cf3-2b56-4349-a3e0-8757f06c5ba0}</UniqueIdentifier>
    </Filter>
    <Filter Include="02.GameObjects\Map\Trigger">
      <UniqueIdentifier>{733be4c5-eeef-4c28-b20e-be86511ab36f}</UniqueIdentifier>
    </Filter>
    <Filter Include="02.GameObjects\Map\BasicMap">
      <UniqueIdentifier>{046c4db6-6d91-4eef-8c46-3e1b7fdc2bcc}</UniqueIdentifier>
    </Filter>
    <Filter Include="01.Levels\Tool\Map">
      <UniqueIdentifier>{d2b0c25b-ae5a-4a5a-ab39-0b70b268bcd1}</UniqueIdentifier>
    </Filter>
    <Filter Include="02.GameObjects\Effect\Particle">
      <UniqueIdentifier>{4be92289-d2a7-44f3-bc64-a36e82d6590f}</UniqueIdentifier>
    </Filter>
    <Filter Include="02.GameObjects\Map\Terrain">
      <UniqueIdentifier>{790e4632-66f1-4e07-b217-df971b3f85d4}</UniqueIdentifier>
    </Filter>
    <Filter Include="02.GameObjects\Map\SkySphere">
      <UniqueIdentifier>{24afa923-789a-4526-9b9d-3523c19603e1}</UniqueIdentifier>
    </Filter>
    <Filter Include="02.GameObjects\PhysXObject">
      <UniqueIdentifier>{20b7e933-4554-475a-a562-bcab1aff8667}</UniqueIdentifier>
    </Filter>
    <Filter Include="02.GameObjects\PhysXObject\Character">
      <UniqueIdentifier>{38847d14-fb30-4372-be60-a9f410277476}</UniqueIdentifier>
    </Filter>
    <Filter Include="02.GameObjects\PhysXObject\Character\Player">
      <UniqueIdentifier>{c8892da5-ac0a-4aa1-83ab-12a0fd1f52c6}</UniqueIdentifier>
    </Filter>
    <Filter Include="02.GameObjects\PhysXObject\Character\Player\Kirby">
      <UniqueIdentifier>{f4444bba-a36c-4a3e-9327-ac76df48dd6f}</UniqueIdentifier>
    </Filter>
    <Filter Include="02.GameObjects\PhysXObject\Character\Player\State">
      <UniqueIdentifier>{79362919-e7bb-428f-ab22-a4eec033163c}</UniqueIdentifier>
    </Filter>
    <Filter Include="02.GameObjects\PhysXObject\Character\Player\State\KirbyDefault_State">
      <UniqueIdentifier>{15a1c888-1e49-4718-9a75-c7b945792614}</UniqueIdentifier>
    </Filter>
    <Filter Include="02.GameObjects\PhysXObject\Character\Player\State\KirbyBalloon_State">
      <UniqueIdentifier>{77bae8eb-2969-4e98-bd3d-2e45600592c2}</UniqueIdentifier>
    </Filter>
    <Filter Include="02.GameObjects\PhysXObject\Character\Player\State\KirbyVacuum_State">
      <UniqueIdentifier>{ab3b3a78-a477-4ab7-95f4-76e0aecc47b1}</UniqueIdentifier>
    </Filter>
    <Filter Include="02.GameObjects\PhysXObject\Character\Player\State\KirbyDamage_State">
      <UniqueIdentifier>{140cffa0-c6d9-49fb-b92e-065818d0e44c}</UniqueIdentifier>
    </Filter>
    <Filter Include="02.GameObjects\PhysXObject\Character\Monster">
      <UniqueIdentifier>{9552f36f-64c4-4740-9177-ffb1919d1926}</UniqueIdentifier>
    </Filter>
    <Filter Include="02.GameObjects\PhysXObject\Character\Monster\Awoofy">
      <UniqueIdentifier>{47b01008-973d-4733-a913-b503347d723c}</UniqueIdentifier>
    </Filter>
    <Filter Include="02.GameObjects\PhysXObject\Character\Monster\Awoofy\State">
      <UniqueIdentifier>{db5e1ca0-0d6e-44e4-8381-86b1e15b1abc}</UniqueIdentifier>
    </Filter>
    <Filter Include="02.GameObjects\PhysXObject\Character\Monster\Rabbit">
      <UniqueIdentifier>{5f67491a-2cff-4f07-b9b2-4e5139f23539}</UniqueIdentifier>
    </Filter>
    <Filter Include="02.GameObjects\PhysXObject\Character\Monster\Rabbit\State">
      <UniqueIdentifier>{5da02606-450b-4582-a1be-2d28da2c1590}</UniqueIdentifier>
    </Filter>
    <Filter Include="02.GameObjects\PhysXObject\Character\Monster\Buffahorn">
      <UniqueIdentifier>{119c683d-2914-4419-b633-2ec30fcda00c}</UniqueIdentifier>
    </Filter>
    <Filter Include="02.GameObjects\PhysXObject\Character\Monster\Buffahorn\State">
      <UniqueIdentifier>{36a9b0b1-2680-464e-9a8d-a7d446bbe9e2}</UniqueIdentifier>
    </Filter>
    <Filter Include="02.GameObjects\Map\MapToolObject\OrbitingCamera">
      <UniqueIdentifier>{0c5b85a4-5089-4e20-81fa-96d48f004385}</UniqueIdentifier>
    </Filter>
    <Filter Include="02.GameObjects\PhysXObject\Character\TestModel">
      <UniqueIdentifier>{d64477a2-9b4a-44f4-9553-f9c18cf7c023}</UniqueIdentifier>
    </Filter>
    <Filter Include="02.GameObjects\PhysXObject\Character\TestModel\State">
      <UniqueIdentifier>{24c8db5b-dafc-44bf-806a-7f7b3d6aeed8}</UniqueIdentifier>
    </Filter>
    <Filter Include="02.GameObjects\PhysXObject\Character\WaddleDee">
      <UniqueIdentifier>{975b42f5-4d3e-4ce1-acee-ceac9f5b976a}</UniqueIdentifier>
    </Filter>
    <Filter Include="02.GameObjects\PhysXObject\RigidObject">
      <UniqueIdentifier>{ec828ee3-b588-495f-82c4-e369a19f7ef0}</UniqueIdentifier>
    </Filter>
    <Filter Include="02.GameObjects\Effect\FXToolDirector">
      <UniqueIdentifier>{dbb187c2-6962-4466-b912-a53c4e5d474a}</UniqueIdentifier>
    </Filter>
    <Filter Include="02.GameObjects\Anim">
      <UniqueIdentifier>{51ec9ec2-a618-48a0-816b-2a9fc108e89c}</UniqueIdentifier>
    </Filter>
    <Filter Include="02.GameObjects\PhysXObject\Character\Monster\BladeKnight">
      <UniqueIdentifier>{4d206836-01dd-4e4b-ac5d-3ea486017876}</UniqueIdentifier>
    </Filter>
    <Filter Include="02.GameObjects\PhysXObject\Character\Monster\BladeKnight\PartObject_Sword">
      <UniqueIdentifier>{c3a1e0ee-a23e-4cfa-80f9-70d6a55eb2b8}</UniqueIdentifier>
    </Filter>
    <Filter Include="02.GameObjects\PhysXObject\Character\Player\State\KirbyContents_State">
      <UniqueIdentifier>{327ee443-7a2d-4e39-acdc-88550179e67c}</UniqueIdentifier>
    </Filter>
    <Filter Include="02.GameObjects\PhysXObject\Character\Player\State\KirbySword_State">
      <UniqueIdentifier>{00b58d0d-786b-4ae0-a6e2-a4a5042882aa}</UniqueIdentifier>
    </Filter>
    <Filter Include="02.GameObjects\PhysXObject\Character\Player\Kirby\PartObject">
      <UniqueIdentifier>{9f9cb972-12d8-4dd6-9d3b-e75811e79a7e}</UniqueIdentifier>
    </Filter>
    <Filter Include="01.Levels\_LevelChanger">
      <UniqueIdentifier>{e6904695-a072-4b0f-b959-c88b8cd03ebc}</UniqueIdentifier>
    </Filter>
    <Filter Include="02.GameObjects\Moon">
      <UniqueIdentifier>{5ab1e19d-21b8-43ee-8401-53c0cd09ead2}</UniqueIdentifier>
    </Filter>
    <Filter Include="02.GameObjects\UI\HUD">
      <UniqueIdentifier>{22a35dfd-b59c-4d3b-9206-374c1ec77e1a}</UniqueIdentifier>
    </Filter>
    <Filter Include="02.GameObjects\PhysXObject\Character\Monster\Kabu">
      <UniqueIdentifier>{585adf8d-8437-4502-8737-2b4dc975b783}</UniqueIdentifier>
    </Filter>
    <Filter Include="02.GameObjects\PhysXObject\Character\Monster\Kabu\State">
      <UniqueIdentifier>{900bcf63-7231-4f8a-961b-9064113c9e34}</UniqueIdentifier>
    </Filter>
    <Filter Include="02.GameObjects\UI\Editor\Layer">
      <UniqueIdentifier>{a3260a15-cebf-4a5f-b682-fa24015a992a}</UniqueIdentifier>
    </Filter>
    <Filter Include="02.GameObjects\PhysXObject\RigidObject\WasteCan">
      <UniqueIdentifier>{f175b95e-a1d4-47cd-9d10-49f323d1f526}</UniqueIdentifier>
    </Filter>
    <Filter Include="02.GameObjects\Map\BG">
      <UniqueIdentifier>{28a5f192-89d1-46d7-bf46-1aafeee88d03}</UniqueIdentifier>
    </Filter>
    <Filter Include="01.Levels\Intro">
      <UniqueIdentifier>{892828e4-f620-440a-8c8b-727c32537a71}</UniqueIdentifier>
    </Filter>
    <Filter Include="01.Levels\Logo">
      <UniqueIdentifier>{7fa67ac9-2f2d-435f-bf35-849f5cbedd3c}</UniqueIdentifier>
    </Filter>
    <Filter Include="02.GameObjects\PhysXObject\Character\Player\State\KirbyBoom_State">
      <UniqueIdentifier>{df88d3db-f381-4d13-8ca4-1ddc4df3cb3d}</UniqueIdentifier>
    </Filter>
    <Filter Include="02.GameObjects\PhysXObject\Character\Monster\BrontoBurt">
      <UniqueIdentifier>{f298ee5c-af62-41d9-ba80-4bea30e15abc}</UniqueIdentifier>
    </Filter>
    <Filter Include="02.GameObjects\PhysXObject\Character\Monster\PoppyBrosJr">
      <UniqueIdentifier>{e5bcf268-b501-40ab-9e8e-31f871c7571e}</UniqueIdentifier>
    </Filter>
    <Filter Include="02.GameObjects\PhysXObject\Character\Monster\BrontoBurt\State">
      <UniqueIdentifier>{205db8bd-743b-446a-a3c9-0abe24e12f05}</UniqueIdentifier>
    </Filter>
    <Filter Include="02.GameObjects\PhysXObject\Character\Monster\PoppyBrosJr\State">
      <UniqueIdentifier>{972ab19b-8668-4996-8aad-6136da78b6fe}</UniqueIdentifier>
    </Filter>
    <Filter Include="02.GameObjects\PhysXObject\Character\Monster\PoppyBrosJr\PoppyBomb">
      <UniqueIdentifier>{7bedbad2-eaee-4fc2-864c-e9d696e6ca05}</UniqueIdentifier>
    </Filter>
    <Filter Include="03.Collision">
      <UniqueIdentifier>{e1c9a7b9-efac-424b-9bcd-62d41980db04}</UniqueIdentifier>
    </Filter>
    <Filter Include="02.GameObjects\PhysXObject\Item">
      <UniqueIdentifier>{dcd6e3c0-cd2f-4f4e-8add-51eb6748dc29}</UniqueIdentifier>
    </Filter>
    <Filter Include="02.GameObjects\PhysXObject\Item\EnergyDrink">
      <UniqueIdentifier>{e5a44464-aceb-4ed8-97a0-0e8e21890bb7}</UniqueIdentifier>
    </Filter>
    <Filter Include="02.GameObjects\PhysXObject\Item\Coin">
      <UniqueIdentifier>{fec82fe1-9a7e-4145-957f-e7c4662e02ff}</UniqueIdentifier>
    </Filter>
    <Filter Include="02.GameObjects\PhysXObject\Character\Monster\Cappy">
      <UniqueIdentifier>{2644bd8b-3b13-4d9c-8842-edc41dccc1d4}</UniqueIdentifier>
    </Filter>
    <Filter Include="02.GameObjects\PhysXObject\Character\Monster\Cappy\CappyHat">
      <UniqueIdentifier>{8dab8ce9-c12e-4dac-b478-a1c1e91dc229}</UniqueIdentifier>
    </Filter>
    <Filter Include="02.GameObjects\PhysXObject\Character\Monster\Cappy\CappyBody">
      <UniqueIdentifier>{d3a49dbf-e4e8-433d-9c8d-77be4f30a5aa}</UniqueIdentifier>
    </Filter>
    <Filter Include="02.GameObjects\PhysXObject\Character\Monster\Cappy\State">
      <UniqueIdentifier>{c2d71bf1-9ad3-4ad4-8a6d-3cfacbcaf42b}</UniqueIdentifier>
    </Filter>
    <Filter Include="02.GameObjects\Map\Ladder">
      <UniqueIdentifier>{43deb6bb-9178-48a0-9aee-6bd3fca04327}</UniqueIdentifier>
    </Filter>
    <Filter Include="02.GameObjects\PhysXObject\MapObject">
      <UniqueIdentifier>{86a7592b-d804-482a-9608-14929a70ea40}</UniqueIdentifier>
    </Filter>
    <Filter Include="02.GameObjects\PhysXObject\MapObject\StarBlock">
      <UniqueIdentifier>{c6c845b2-a511-4c67-92c8-21ffd9f57984}</UniqueIdentifier>
    </Filter>
    <Filter Include="02.GameObjects\PhysXObject\MapObject\WoodBlock">
      <UniqueIdentifier>{3b0e9e25-176f-4ef8-bfb8-8ac6caa99a83}</UniqueIdentifier>
    </Filter>
    <Filter Include="02.GameObjects\PhysXObject\MapObject\TrashCan">
      <UniqueIdentifier>{43a0db8c-5d6d-4b60-af2f-a7f2af0d1d47}</UniqueIdentifier>
    </Filter>
    <Filter Include="02.GameObjects\PhysXObject\Character\Player\Kirby\Bomb">
      <UniqueIdentifier>{9bbb5c7f-e811-452d-aabb-3b3015d522c7}</UniqueIdentifier>
    </Filter>
    <Filter Include="02.GameObjects\PhysXObject\RigidObject\Rock">
      <UniqueIdentifier>{81ec4dea-946a-461a-84a8-a25c873503af}</UniqueIdentifier>
    </Filter>
    <Filter Include="02.GameObjects\PhysXObject\RigidObject\Rock\Kickable">
      <UniqueIdentifier>{22df7019-4bde-485a-a4fa-b74dfa7b29a5}</UniqueIdentifier>
    </Filter>
    <Filter Include="02.GameObjects\PhysXObject\MapObject\StarBlock\Piece">
      <UniqueIdentifier>{d518caec-9d94-4f91-8c37-5ac238833664}</UniqueIdentifier>
    </Filter>
    <Filter Include="02.GameObjects\HitBox">
      <UniqueIdentifier>{dab839b6-6fe3-4095-b8f6-0e1587423131}</UniqueIdentifier>
    </Filter>
    <Filter Include="02.GameObjects\PhysXObject\Item\Ability">
      <UniqueIdentifier>{4ee32ea7-86a0-4289-a776-d1fce969bca4}</UniqueIdentifier>
    </Filter>
    <Filter Include="02.GameObjects\Map\TerrainFog">
      <UniqueIdentifier>{631580d9-5ad3-41b9-b6d7-5fcc5394b093}</UniqueIdentifier>
    </Filter>
    <Filter Include="02.GameObjects\UI\HUD\kirbyHP">
      <UniqueIdentifier>{04e3199d-7d6c-4af4-a33d-70cd4bd68509}</UniqueIdentifier>
    </Filter>
    <Filter Include="02.GameObjects\UI\HUD\StarPoint">
      <UniqueIdentifier>{3aabc030-21c4-42d9-b31a-7b69ff957777}</UniqueIdentifier>
    </Filter>
    <Filter Include="02.GameObjects\PhysXObject\Character\Monster\BladeKnight\PartObject_Sword\State">
      <UniqueIdentifier>{c3509440-bbe1-439c-b743-a205693e77b6}</UniqueIdentifier>
    </Filter>
  </ItemGroup>
  <ItemGroup>
    <Text Include="ReadMe.txt" />
  </ItemGroup>
  <ItemGroup>
    <ClInclude Include="Client.h">
      <Filter>98.Default</Filter>
    </ClInclude>
    <ClInclude Include="Resource.h">
      <Filter>98.Default</Filter>
    </ClInclude>
    <ClInclude Include="stdafx.h">
      <Filter>98.Default</Filter>
    </ClInclude>
    <ClInclude Include="targetver.h">
      <Filter>98.Default</Filter>
    </ClInclude>
    <ClInclude Include="..\public\MainApp.h">
      <Filter>00.MainApp</Filter>
    </ClInclude>
    <ClInclude Include="..\Public\Level_Loading.h">
      <Filter>01.Levels\Loading</Filter>
    </ClInclude>
    <ClInclude Include="..\Public\Level_Logo.h">
      <Filter>01.Levels\Logo</Filter>
    </ClInclude>
    <ClInclude Include="..\Public\Loader.h">
      <Filter>01.Levels\Loading\Loader</Filter>
    </ClInclude>
    <ClInclude Include="..\public\BackGround.h">
      <Filter>02.GameObjects\UI\BackGround</Filter>
    </ClInclude>
    <ClInclude Include="..\public\Camera_Free.h">
      <Filter>02.GameObjects\Camera</Filter>
    </ClInclude>
    <ClInclude Include="..\Public\Client_Defines.h">
      <Filter>99.Defines</Filter>
    </ClInclude>
    <ClInclude Include="..\Public\tinyxml2.h">
      <Filter>90.Utils\XML</Filter>
    </ClInclude>
    <ClInclude Include="..\public\Camera_Main.h">
      <Filter>02.GameObjects\Camera</Filter>
    </ClInclude>
    <ClInclude Include="..\Public\TestTerrain.h">
      <Filter>02.GameObjects\Map\Terrain</Filter>
    </ClInclude>
    <ClInclude Include="..\Public\Level_Tool_UI.h">
      <Filter>01.Levels\Tool\UI</Filter>
    </ClInclude>
    <ClInclude Include="..\Public\Level_Tool_FX.h">
      <Filter>01.Levels\Tool\FX</Filter>
    </ClInclude>
    <ClInclude Include="..\Public\Editor_UI.h">
      <Filter>02.GameObjects\UI\Editor</Filter>
    </ClInclude>
    <ClInclude Include="..\Public\FXToolDirector.h">
      <Filter>02.GameObjects\Effect\FXToolDirector</Filter>
    </ClInclude>
    <ClInclude Include="..\Public\Kirby.h">
      <Filter>02.GameObjects\PhysXObject\Character\Player\Kirby</Filter>
    </ClInclude>
    <ClInclude Include="..\public\SingleEffect.h">
      <Filter>02.GameObjects\Effect\Single</Filter>
    </ClInclude>
    <ClInclude Include="..\Public\MultiEffect.h">
      <Filter>02.GameObjects\Effect\Multi</Filter>
    </ClInclude>
    <ClInclude Include="..\Public\TestModel.h">
      <Filter>02.GameObjects\PhysXObject\Character\TestModel</Filter>
    </ClInclude>
    <ClInclude Include="..\Public\TestModel_State.h">
      <Filter>02.GameObjects\PhysXObject\Character\TestModel\State</Filter>
    </ClInclude>
    <ClInclude Include="..\Public\Monster.h">
      <Filter>02.GameObjects\PhysXObject\Character\Monster</Filter>
    </ClInclude>
    <ClInclude Include="..\Public\Awoofy.h">
      <Filter>02.GameObjects\PhysXObject\Character\Monster\Awoofy</Filter>
    </ClInclude>
    <ClInclude Include="..\Public\ToolHelper.h">
      <Filter>90.Utils\[Sample] ToolHelper</Filter>
    </ClInclude>
    <ClInclude Include="..\Public\Grid.h">
      <Filter>02.GameObjects\Map\Terrain</Filter>
    </ClInclude>
    <ClInclude Include="..\Public\MapToolHelper.h">
      <Filter>02.GameObjects\Map\MapToolHelper</Filter>
    </ClInclude>
    <ClInclude Include="..\Public\MapToolObject.h">
      <Filter>02.GameObjects\Map\MapToolObject</Filter>
    </ClInclude>
    <ClInclude Include="..\Public\BasicMap.h">
      <Filter>02.GameObjects\Map\BasicMap</Filter>
    </ClInclude>
    <ClInclude Include="..\Public\Level_Tool_Map.h">
      <Filter>01.Levels\Tool\Map</Filter>
    </ClInclude>
    <ClInclude Include="..\Public\Level_Tool_Anim.h">
      <Filter>01.Levels\Tool\Animation</Filter>
    </ClInclude>
    <ClInclude Include="..\Public\Awoofy_State.h">
      <Filter>02.GameObjects\PhysXObject\Character\Monster\Awoofy\State</Filter>
    </ClInclude>
    <ClInclude Include="..\Public\KirbyDefault_State.h">
      <Filter>02.GameObjects\PhysXObject\Character\Player\State\KirbyDefault_State</Filter>
    </ClInclude>
    <ClInclude Include="..\Public\KirbyBalloon_State.h">
      <Filter>02.GameObjects\PhysXObject\Character\Player\State\KirbyBalloon_State</Filter>
    </ClInclude>
    <ClInclude Include="..\Public\Kirby_State_Function.h">
      <Filter>02.GameObjects\PhysXObject\Character\Player\State</Filter>
    </ClInclude>
    <ClInclude Include="..\Public\Kirby_Enums.h">
      <Filter>02.GameObjects\PhysXObject\Character\Player</Filter>
    </ClInclude>
    <ClInclude Include="..\Public\KirbyVacuum_State.h">
      <Filter>02.GameObjects\PhysXObject\Character\Player\State\KirbyVacuum_State</Filter>
    </ClInclude>
    <ClInclude Include="..\Public\Particle.h">
      <Filter>02.GameObjects\Effect\Particle</Filter>
    </ClInclude>
    <ClInclude Include="..\Public\KirbyDamage_State.h">
      <Filter>02.GameObjects\PhysXObject\Character\Player\State\KirbyDamage_State</Filter>
    </ClInclude>
    <ClInclude Include="..\Public\Character.h">
      <Filter>02.GameObjects\PhysXObject\Character</Filter>
    </ClInclude>
    <ClInclude Include="..\public\SkySphere.h">
      <Filter>02.GameObjects\Map\SkySphere</Filter>
    </ClInclude>
    <ClInclude Include="..\public\WaddleDee.h">
      <Filter>02.GameObjects\PhysXObject\Character\WaddleDee</Filter>
    </ClInclude>
    <ClInclude Include="..\Public\Rabbit_State.h">
      <Filter>02.GameObjects\PhysXObject\Character\Monster\Rabbit\State</Filter>
    </ClInclude>
    <ClInclude Include="..\Public\Rabbit.h">
      <Filter>02.GameObjects\PhysXObject\Character\Monster\Rabbit</Filter>
    </ClInclude>
    <ClInclude Include="..\Public\Buffahorn.h">
      <Filter>02.GameObjects\PhysXObject\Character\Monster\Buffahorn</Filter>
    </ClInclude>
    <ClInclude Include="..\Public\Buffahorn_State.h">
      <Filter>02.GameObjects\PhysXObject\Character\Monster\Buffahorn\State</Filter>
    </ClInclude>
    <ClInclude Include="..\Public\PhysXObject.h">
      <Filter>02.GameObjects\PhysXObject</Filter>
    </ClInclude>
    <ClInclude Include="..\Public\RigidObject.h">
      <Filter>02.GameObjects\PhysXObject\RigidObject</Filter>
    </ClInclude>
    <ClInclude Include="..\Public\AnimToolHelper.h">
      <Filter>02.GameObjects\Anim</Filter>
    </ClInclude>
    <ClInclude Include="..\Public\AnimToolObject.h">
      <Filter>02.GameObjects\Anim</Filter>
    </ClInclude>
    <ClInclude Include="..\Public\OrbitingCamera.h">
      <Filter>02.GameObjects\Map\MapToolObject\OrbitingCamera</Filter>
    </ClInclude>
    <ClInclude Include="..\Public\BladeKnight.h">
      <Filter>02.GameObjects\PhysXObject\Character\Monster\BladeKnight</Filter>
    </ClInclude>
    <ClInclude Include="..\Public\BladeKnight_State.h">
      <Filter>02.GameObjects\PhysXObject\Character\Monster\BladeKnight\PartObject_Sword\State</Filter>
    </ClInclude>
    <ClInclude Include="..\Public\ImSequencer.h">
      <Filter>02.GameObjects\Anim</Filter>
    </ClInclude>
    <ClInclude Include="..\Public\KirbyContents_State.h">
      <Filter>02.GameObjects\PhysXObject\Character\Player\State\KirbyContents_State</Filter>
    </ClInclude>
    <ClInclude Include="..\Public\KirbySword_State.h">
      <Filter>02.GameObjects\PhysXObject\Character\Player\State\KirbySword_State</Filter>
    </ClInclude>
    <ClInclude Include="..\Public\KirbyArmours.h">
      <Filter>02.GameObjects\PhysXObject\Character\Player\Kirby\PartObject</Filter>
    </ClInclude>
    <ClInclude Include="..\Public\KirbyWeapons.h">
      <Filter>02.GameObjects\PhysXObject\Character\Player\Kirby\PartObject</Filter>
    </ClInclude>
    <ClInclude Include="..\Public\Moon.h">
      <Filter>02.GameObjects\Moon</Filter>
    </ClInclude>
    <ClInclude Include="..\Public\HUD.h">
      <Filter>02.GameObjects\UI\HUD</Filter>
    </ClInclude>
    <ClInclude Include="..\Public\Kabu.h">
      <Filter>02.GameObjects\PhysXObject\Character\Monster\Kabu</Filter>
    </ClInclude>
    <ClInclude Include="..\Public\Kabu_State.h">
      <Filter>02.GameObjects\PhysXObject\Character\Monster\Kabu\State</Filter>
    </ClInclude>
    <ClInclude Include="..\Public\LevelChanger.h">
      <Filter>01.Levels\_LevelChanger</Filter>
    </ClInclude>
    <ClInclude Include="..\Public\LayerUI.h">
      <Filter>02.GameObjects\UI\Editor\Layer</Filter>
    </ClInclude>
    <ClInclude Include="..\Public\WasteCan.h">
      <Filter>02.GameObjects\PhysXObject\RigidObject\WasteCan</Filter>
    </ClInclude>
    <ClInclude Include="..\Public\BG.h">
      <Filter>02.GameObjects\Map\BG</Filter>
    </ClInclude>
    <ClInclude Include="..\Public\Level_Intro.h">
      <Filter>01.Levels\Intro</Filter>
    </ClInclude>
    <ClInclude Include="..\Public\KirbyBoom_State.h">
      <Filter>02.GameObjects\PhysXObject\Character\Player\State\KirbyBoom_State</Filter>
    </ClInclude>
    <ClInclude Include="..\Public\BrontoBurt.h">
      <Filter>02.GameObjects\PhysXObject\Character\Monster\BrontoBurt</Filter>
    </ClInclude>
    <ClInclude Include="..\Public\PoppyBrosJr.h">
      <Filter>02.GameObjects\PhysXObject\Character\Monster\PoppyBrosJr</Filter>
    </ClInclude>
    <ClInclude Include="..\Public\BrontoBurt_State.h">
      <Filter>02.GameObjects\PhysXObject\Character\Monster\BrontoBurt\State</Filter>
    </ClInclude>
    <ClInclude Include="..\Public\PoppyBrosJr_State.h">
      <Filter>02.GameObjects\PhysXObject\Character\Monster\PoppyBrosJr\State</Filter>
    </ClInclude>
    <ClInclude Include="..\Public\PoppyBomb.h">
      <Filter>02.GameObjects\PhysXObject\Character\Monster\PoppyBrosJr\PoppyBomb</Filter>
    </ClInclude>
    <ClInclude Include="..\Public\CollisionCenter.h">
      <Filter>03.Collision</Filter>
    </ClInclude>
    <ClInclude Include="..\Public\ItemObject.h">
      <Filter>02.GameObjects\PhysXObject\Item</Filter>
    </ClInclude>
    <ClInclude Include="..\Public\EnergyDrink.h">
      <Filter>02.GameObjects\PhysXObject\Item\EnergyDrink</Filter>
    </ClInclude>
    <ClInclude Include="..\Public\Coin.h">
      <Filter>02.GameObjects\PhysXObject\Item\Coin</Filter>
    </ClInclude>
    <ClInclude Include="..\Public\Ladder.h">
      <Filter>02.GameObjects\Map\Ladder</Filter>
    </ClInclude>
    <ClInclude Include="..\Public\Trigger.h">
      <Filter>02.GameObjects\Map\Trigger</Filter>
    </ClInclude>
    <ClInclude Include="..\Public\CappyBody.h">
      <Filter>02.GameObjects\PhysXObject\Character\Monster\Cappy\CappyBody</Filter>
    </ClInclude>
    <ClInclude Include="..\Public\CappyBody_State.h">
      <Filter>02.GameObjects\PhysXObject\Character\Monster\Cappy\State</Filter>
    </ClInclude>
    <ClInclude Include="..\Public\CappyHat.h">
      <Filter>02.GameObjects\PhysXObject\Character\Monster\Cappy\CappyHat</Filter>
    </ClInclude>
    <ClInclude Include="..\Public\CappyHat_State.h">
      <Filter>02.GameObjects\PhysXObject\Character\Monster\Cappy\State</Filter>
    </ClInclude>
    <ClInclude Include="..\Public\KickableRock.h">
      <Filter>02.GameObjects\PhysXObject\RigidObject\Rock\Kickable</Filter>
    </ClInclude>
    <ClInclude Include="..\Public\StarBlock.h">
      <Filter>02.GameObjects\PhysXObject\MapObject\StarBlock</Filter>
    </ClInclude>
    <ClInclude Include="..\Public\MapObject.h">
      <Filter>02.GameObjects\PhysXObject\MapObject</Filter>
    </ClInclude>
    <ClInclude Include="..\Public\BombOrbit.h">
      <Filter>02.GameObjects\PhysXObject\Character\Player\Kirby\Bomb</Filter>
    </ClInclude>
    <ClInclude Include="..\Public\BombOrbitGlow.h">
      <Filter>02.GameObjects\PhysXObject\Character\Player\Kirby\Bomb</Filter>
    </ClInclude>
    <ClInclude Include="..\Public\KirbyBomb.h">
      <Filter>02.GameObjects\PhysXObject\Character\Player\Kirby\Bomb</Filter>
    </ClInclude>
    <ClInclude Include="..\Public\StarBlockPiece.h">
      <Filter>02.GameObjects\PhysXObject\MapObject\StarBlock\Piece</Filter>
    </ClInclude>
    <ClInclude Include="..\Public\HitBox.h">
      <Filter>02.GameObjects\HitBox</Filter>
    </ClInclude>
    <ClInclude Include="..\Public\Ability.h">
      <Filter>02.GameObjects\PhysXObject\Item\Ability</Filter>
    </ClInclude>
    <ClInclude Include="..\Public\TerrainFog.h">
      <Filter>02.GameObjects\Map\TerrainFog</Filter>
    </ClInclude>
    <ClInclude Include="..\Public\BladeKnightSword.h">
      <Filter>02.GameObjects\PhysXObject\Character\Monster\BladeKnight\PartObject_Sword</Filter>
    </ClInclude>
    <ClInclude Include="..\Public\HUD_KirbyStatus.h">
      <Filter>02.GameObjects\UI\HUD\kirbyHP</Filter>
    </ClInclude>
    <ClInclude Include="..\Public\HUD_StarPoint.h">
      <Filter>02.GameObjects\UI\HUD\StarPoint</Filter>
    </ClInclude>
    <ClInclude Include="..\Public\HUD_AbilityDiscard.h">
      <Filter>02.GameObjects\UI\HUD</Filter>
    </ClInclude>
    <ClInclude Include="..\Public\Level_GamePlay.h" />
  </ItemGroup>
  <ItemGroup>
    <ClCompile Include="Client.cpp">
      <Filter>98.Default</Filter>
    </ClCompile>
    <ClCompile Include="stdafx.cpp">
      <Filter>98.Default</Filter>
    </ClCompile>
    <ClCompile Include="..\private\MainApp.cpp">
      <Filter>00.MainApp</Filter>
    </ClCompile>
    <ClCompile Include="..\Private\Level_Loading.cpp">
      <Filter>01.Levels\Loading</Filter>
    </ClCompile>
    <ClCompile Include="..\Private\Level_Logo.cpp">
      <Filter>01.Levels\Logo</Filter>
    </ClCompile>
    <ClCompile Include="..\Private\Loader.cpp">
      <Filter>01.Levels\Loading\Loader</Filter>
    </ClCompile>
    <ClCompile Include="..\private\BackGround.cpp">
      <Filter>02.GameObjects\UI\BackGround</Filter>
    </ClCompile>
    <ClCompile Include="..\private\Camera_Free.cpp">
      <Filter>02.GameObjects\Camera</Filter>
    </ClCompile>
    <ClCompile Include="..\Private\tinyxml2.cpp">
      <Filter>90.Utils\XML</Filter>
    </ClCompile>
    <ClCompile Include="..\private\Camera_Main.cpp">
      <Filter>02.GameObjects\Camera</Filter>
    </ClCompile>
    <ClCompile Include="..\Private\TestTerrain.cpp">
      <Filter>02.GameObjects\Map\Terrain</Filter>
    </ClCompile>
    <ClCompile Include="..\Private\FXToolDirector.cpp">
      <Filter>02.GameObjects\Effect\FXToolDirector</Filter>
    </ClCompile>
    <ClCompile Include="..\Private\Level_Tool_FX.cpp">
      <Filter>01.Levels\Tool\FX</Filter>
    </ClCompile>
    <ClCompile Include="..\Private\Level_Tool_UI.cpp">
      <Filter>01.Levels\Tool\UI</Filter>
    </ClCompile>
    <ClCompile Include="..\Private\Editor_UI.cpp">
      <Filter>02.GameObjects\UI\Editor</Filter>
    </ClCompile>
    <ClCompile Include="..\Private\Kirby.cpp">
      <Filter>02.GameObjects\PhysXObject\Character\Player\Kirby</Filter>
    </ClCompile>
    <ClCompile Include="..\Private\MultiEffect.cpp">
      <Filter>02.GameObjects\Effect\Multi</Filter>
    </ClCompile>
    <ClCompile Include="..\Private\SingleEffect.cpp">
      <Filter>02.GameObjects\Effect\Single</Filter>
    </ClCompile>
    <ClCompile Include="..\Private\TestModel.cpp">
      <Filter>02.GameObjects\PhysXObject\Character\TestModel</Filter>
    </ClCompile>
    <ClCompile Include="..\Private\TestModel_State.cpp">
      <Filter>02.GameObjects\PhysXObject\Character\TestModel\State</Filter>
    </ClCompile>
    <ClCompile Include="..\Private\Monster.cpp">
      <Filter>02.GameObjects\PhysXObject\Character\Monster</Filter>
    </ClCompile>
    <ClCompile Include="..\Private\Awoofy.cpp">
      <Filter>02.GameObjects\PhysXObject\Character\Monster\Awoofy</Filter>
    </ClCompile>
    <ClCompile Include="..\Private\ToolHelper.cpp">
      <Filter>90.Utils\[Sample] ToolHelper</Filter>
    </ClCompile>
    <ClCompile Include="..\Private\Grid.cpp">
      <Filter>02.GameObjects\Map\Terrain</Filter>
    </ClCompile>
    <ClCompile Include="..\Private\MapToolHelper.cpp">
      <Filter>02.GameObjects\Map\MapToolHelper</Filter>
    </ClCompile>
    <ClCompile Include="..\Private\MapToolObject.cpp">
      <Filter>02.GameObjects\Map\MapToolObject</Filter>
    </ClCompile>
    <ClCompile Include="..\Private\BasicMap.cpp">
      <Filter>02.GameObjects\Map\BasicMap</Filter>
    </ClCompile>
    <ClCompile Include="..\Private\Level_Tool_Map.cpp">
      <Filter>01.Levels\Tool\Map</Filter>
    </ClCompile>
    <ClCompile Include="..\Private\Awoofy_State.cpp">
      <Filter>02.GameObjects\PhysXObject\Character\Monster\Awoofy\State</Filter>
    </ClCompile>
    <ClCompile Include="..\Private\KirbyDefault_State.cpp">
      <Filter>02.GameObjects\PhysXObject\Character\Player\State\KirbyDefault_State</Filter>
    </ClCompile>
    <ClCompile Include="..\Private\KirbyBalloon_State.cpp">
      <Filter>02.GameObjects\PhysXObject\Character\Player\State\KirbyBalloon_State</Filter>
    </ClCompile>
    <ClCompile Include="..\Private\KirbyVacuum_State.cpp">
      <Filter>02.GameObjects\PhysXObject\Character\Player\State\KirbyVacuum_State</Filter>
    </ClCompile>
    <ClCompile Include="..\Private\Level_Tool_Anim.cpp">
      <Filter>01.Levels\Tool\Animation</Filter>
    </ClCompile>
    <ClCompile Include="..\Private\Particle.cpp">
      <Filter>02.GameObjects\Effect\Particle</Filter>
    </ClCompile>
    <ClCompile Include="..\Private\KirbyDamage_State.cpp">
      <Filter>02.GameObjects\PhysXObject\Character\Player\State\KirbyDamage_State</Filter>
    </ClCompile>
    <ClCompile Include="..\Private\Character.cpp">
      <Filter>02.GameObjects\PhysXObject\Character</Filter>
    </ClCompile>
    <ClCompile Include="..\private\SkySphere.cpp">
      <Filter>02.GameObjects\Map\SkySphere</Filter>
    </ClCompile>
    <ClCompile Include="..\private\WaddleDee.cpp">
      <Filter>02.GameObjects\PhysXObject\Character\WaddleDee</Filter>
    </ClCompile>
    <ClCompile Include="..\Private\Rabbit_State.cpp">
      <Filter>02.GameObjects\PhysXObject\Character\Monster\Rabbit\State</Filter>
    </ClCompile>
    <ClCompile Include="..\Private\Rabbit.cpp">
      <Filter>02.GameObjects\PhysXObject\Character\Monster\Rabbit</Filter>
    </ClCompile>
    <ClCompile Include="..\Private\Buffahorn.cpp">
      <Filter>02.GameObjects\PhysXObject\Character\Monster\Buffahorn</Filter>
    </ClCompile>
    <ClCompile Include="..\Private\Buffahorn_State.cpp">
      <Filter>02.GameObjects\PhysXObject\Character\Monster\Buffahorn\State</Filter>
    </ClCompile>
    <ClCompile Include="..\Private\PhysXObject.cpp">
      <Filter>02.GameObjects\PhysXObject</Filter>
    </ClCompile>
    <ClCompile Include="..\Private\RigidObject.cpp">
      <Filter>02.GameObjects\PhysXObject\RigidObject</Filter>
    </ClCompile>
    <ClCompile Include="..\Private\BladeKnight.cpp">
      <Filter>02.GameObjects\PhysXObject\Character\Monster\BladeKnight</Filter>
    </ClCompile>
    <ClCompile Include="..\Private\BladeKnight_State.cpp">
      <Filter>02.GameObjects\PhysXObject\Character\Monster\BladeKnight\PartObject_Sword\State</Filter>
    </ClCompile>
    <ClCompile Include="..\Private\BladeKnightSword.cpp">
      <Filter>02.GameObjects\PhysXObject\Character\Monster\BladeKnight\PartObject_Sword</Filter>
    </ClCompile>
    <ClCompile Include="..\Private\AnimToolHelper.cpp">
      <Filter>02.GameObjects\Anim</Filter>
    </ClCompile>
    <ClCompile Include="..\Private\AnimToolObject.cpp">
      <Filter>02.GameObjects\Anim</Filter>
    </ClCompile>
    <ClCompile Include="..\Private\OrbitingCamera.cpp">
      <Filter>02.GameObjects\Map\MapToolObject\OrbitingCamera</Filter>
    </ClCompile>
    <ClCompile Include="..\Private\ImSequencer.cpp">
      <Filter>02.GameObjects\Anim</Filter>
    </ClCompile>
    <ClCompile Include="..\Private\KirbyContents_State.cpp">
      <Filter>02.GameObjects\PhysXObject\Character\Player\State\KirbyContents_State</Filter>
    </ClCompile>
    <ClCompile Include="..\Private\KirbySword_State.cpp">
      <Filter>02.GameObjects\PhysXObject\Character\Player\State\KirbySword_State</Filter>
    </ClCompile>
    <ClCompile Include="..\Private\KirbyArmours.cpp">
      <Filter>02.GameObjects\PhysXObject\Character\Player\Kirby\PartObject</Filter>
    </ClCompile>
    <ClCompile Include="..\Private\KirbyWeapons.cpp">
      <Filter>02.GameObjects\PhysXObject\Character\Player\Kirby\PartObject</Filter>
    </ClCompile>
    <ClCompile Include="..\Private\Moon.cpp">
      <Filter>02.GameObjects\Moon</Filter>
    </ClCompile>
    <ClCompile Include="..\Private\HUD.cpp">
      <Filter>02.GameObjects\UI\HUD</Filter>
    </ClCompile>
    <ClCompile Include="..\Private\Kabu.cpp">
      <Filter>02.GameObjects\PhysXObject\Character\Monster\Kabu</Filter>
    </ClCompile>
    <ClCompile Include="..\Private\Kabu_State.cpp">
      <Filter>02.GameObjects\PhysXObject\Character\Monster\Kabu\State</Filter>
    </ClCompile>
    <ClCompile Include="..\Private\LevelChanger.cpp">
      <Filter>01.Levels\_LevelChanger</Filter>
    </ClCompile>
    <ClCompile Include="..\Private\LayerUI.cpp">
      <Filter>02.GameObjects\UI\Editor\Layer</Filter>
    </ClCompile>
    <ClCompile Include="..\Private\WasteCan.cpp">
      <Filter>02.GameObjects\PhysXObject\RigidObject\WasteCan</Filter>
    </ClCompile>
    <ClCompile Include="..\Private\BG.cpp">
      <Filter>02.GameObjects\Map\BG</Filter>
    </ClCompile>
    <ClCompile Include="..\Private\Level_Intro.cpp">
      <Filter>01.Levels\Intro</Filter>
    </ClCompile>
    <ClCompile Include="..\Public\KirbyBoom_State.cpp">
      <Filter>02.GameObjects\PhysXObject\Character\Player\State\KirbyBoom_State</Filter>
    </ClCompile>
    <ClCompile Include="..\Private\BrontoBurt.cpp">
      <Filter>02.GameObjects\PhysXObject\Character\Monster\BrontoBurt</Filter>
    </ClCompile>
    <ClCompile Include="..\Private\PoppyBrosJr.cpp">
      <Filter>02.GameObjects\PhysXObject\Character\Monster\PoppyBrosJr</Filter>
    </ClCompile>
    <ClCompile Include="..\Private\BrontoBurt_State.cpp">
      <Filter>02.GameObjects\PhysXObject\Character\Monster\BrontoBurt\State</Filter>
    </ClCompile>
    <ClCompile Include="..\Private\PoppyBrosJr_State.cpp">
      <Filter>02.GameObjects\PhysXObject\Character\Monster\PoppyBrosJr\State</Filter>
    </ClCompile>
    <ClCompile Include="..\Private\PoppyBomb.cpp">
      <Filter>02.GameObjects\PhysXObject\Character\Monster\PoppyBrosJr\PoppyBomb</Filter>
    </ClCompile>
    <ClCompile Include="..\Private\CollisionCenter.cpp">
      <Filter>03.Collision</Filter>
    </ClCompile>
    <ClCompile Include="..\Private\ItemObject.cpp">
      <Filter>02.GameObjects\PhysXObject\Item</Filter>
    </ClCompile>
    <ClCompile Include="..\Private\EnergyDrink.cpp">
      <Filter>02.GameObjects\PhysXObject\Item\EnergyDrink</Filter>
    </ClCompile>
    <ClCompile Include="..\Private\Coin.cpp">
      <Filter>02.GameObjects\PhysXObject\Item\Coin</Filter>
    </ClCompile>
    <ClCompile Include="..\Private\Ladder.cpp">
      <Filter>02.GameObjects\Map\Ladder</Filter>
    </ClCompile>
    <ClCompile Include="..\Private\Trigger.cpp">
      <Filter>02.GameObjects\Map\Trigger</Filter>
    </ClCompile>
    <ClCompile Include="..\Private\CappyBody.cpp">
      <Filter>02.GameObjects\PhysXObject\Character\Monster\Cappy\CappyBody</Filter>
    </ClCompile>
    <ClCompile Include="..\Private\CappyBody_State.cpp">
      <Filter>02.GameObjects\PhysXObject\Character\Monster\Cappy\State</Filter>
    </ClCompile>
    <ClCompile Include="..\Private\CappyHat.cpp">
      <Filter>02.GameObjects\PhysXObject\Character\Monster\Cappy\CappyHat</Filter>
    </ClCompile>
    <ClCompile Include="..\Private\CappyHat_State.cpp">
      <Filter>02.GameObjects\PhysXObject\Character\Monster\Cappy\State</Filter>
    </ClCompile>
    <ClCompile Include="..\Private\KickableRock.cpp">
      <Filter>02.GameObjects\PhysXObject\RigidObject\Rock\Kickable</Filter>
    </ClCompile>
    <ClCompile Include="..\Private\StarBlock.cpp">
      <Filter>02.GameObjects\PhysXObject\MapObject\StarBlock</Filter>
    </ClCompile>
    <ClCompile Include="..\Private\MapObject.cpp">
      <Filter>02.GameObjects\PhysXObject\MapObject</Filter>
    </ClCompile>
    <ClCompile Include="..\Private\BombOrbit.cpp">
      <Filter>02.GameObjects\PhysXObject\Character\Player\Kirby\Bomb</Filter>
    </ClCompile>
    <ClCompile Include="..\Private\BombOrbitGlow.cpp">
      <Filter>02.GameObjects\PhysXObject\Character\Player\Kirby\Bomb</Filter>
    </ClCompile>
    <ClCompile Include="..\Private\KirbyBomb.cpp">
      <Filter>02.GameObjects\PhysXObject\Character\Player\Kirby\Bomb</Filter>
    </ClCompile>
    <ClCompile Include="..\Private\StarBlockPiece.cpp">
      <Filter>02.GameObjects\PhysXObject\MapObject\StarBlock\Piece</Filter>
    </ClCompile>
    <ClCompile Include="..\Private\HitBox.cpp">
      <Filter>02.GameObjects\HitBox</Filter>
    </ClCompile>
    <ClCompile Include="..\Private\Ability.cpp">
      <Filter>02.GameObjects\PhysXObject\Item\Ability</Filter>
    </ClCompile>
    <ClCompile Include="..\Private\TerrainFog.cpp">
      <Filter>02.GameObjects\Map\TerrainFog</Filter>
    </ClCompile>
    <ClCompile Include="..\Private\HUD_KirbyStatus.cpp">
      <Filter>02.GameObjects\UI\HUD\kirbyHP</Filter>
    </ClCompile>
    <ClCompile Include="..\Private\HUD_StarPoint.cpp">
      <Filter>02.GameObjects\UI\HUD\StarPoint</Filter>
    </ClCompile>
    <ClCompile Include="..\Private\HUD_AbilityDiscard.cpp">
      <Filter>02.GameObjects\UI\HUD</Filter>
    </ClCompile>
    <ClCompile Include="..\Private\Level_GamePlay.cpp" />
  </ItemGroup>
  <ItemGroup>
    <Image Include="Client.ico">
      <Filter>98.Default</Filter>
    </Image>
    <Image Include="small.ico">
      <Filter>98.Default</Filter>
    </Image>
  </ItemGroup>
  <ItemGroup>
    <ResourceCompile Include="Client.rc">
      <Filter>98.Default</Filter>
    </ResourceCompile>
  </ItemGroup>
  <ItemGroup>
    <FxCompile Include="..\Bin\ShaderFiles\Shader_VtxPosTex.hlsl">
      <Filter>97.ShaderFiles</Filter>
    </FxCompile>
    <FxCompile Include="..\Bin\ShaderFiles\Shader_VtxNorTex.hlsl">
      <Filter>97.ShaderFiles</Filter>
    </FxCompile>
    <FxCompile Include="..\Bin\ShaderFiles\Shader_VtxModel.hlsl">
      <Filter>97.ShaderFiles</Filter>
    </FxCompile>
    <FxCompile Include="..\Bin\ShaderFiles\Shader_VtxAnimModel.hlsl">
      <Filter>97.ShaderFiles</Filter>
    </FxCompile>
    <FxCompile Include="..\Bin\ShaderFiles\Shader_VtxCube.hlsl">
      <Filter>97.ShaderFiles</Filter>
    </FxCompile>
    <FxCompile Include="..\Bin\ShaderFiles\Shader_VtxInstance_Rect.hlsl">
      <Filter>97.ShaderFiles</Filter>
    </FxCompile>
    <FxCompile Include="..\Bin\ShaderFiles\Shader_VtxInstance_Point.hlsl">
      <Filter>97.ShaderFiles</Filter>
    </FxCompile>
    <FxCompile Include="..\Bin\ShaderFiles\Shader_VtxModel_Map.hlsl">
      <Filter>97.ShaderFiles</Filter>
    </FxCompile>
  </ItemGroup>
</Project>